// !$*UTF8*$!
{
	archiveVersion = 1;
	classes = {
	};
	objectVersion = 46;
	objects = {

/* Begin PBXBuildFile section */
		206DFC1147A1ECA49D7351FD /* Pods_zhiHuDailyWithSwift.framework in Frameworks */ = {isa = PBXBuildFile; fileRef = 2EAEEC2946AC356927CD2B65 /* Pods_zhiHuDailyWithSwift.framework */; };
		670AC5301CFF1BF700B3A4F6 /* ThemeViewController.swift in Sources */ = {isa = PBXBuildFile; fileRef = 670AC52F1CFF1BF700B3A4F6 /* ThemeViewController.swift */; };
		67322B751CFF1CED00276F15 /* ThemeViewCell.swift in Sources */ = {isa = PBXBuildFile; fileRef = 67322B731CFF1CED00276F15 /* ThemeViewCell.swift */; };
		67322B761CFF1CED00276F15 /* ThemeViewCell.xib in Resources */ = {isa = PBXBuildFile; fileRef = 67322B741CFF1CED00276F15 /* ThemeViewCell.xib */; };
		6771455B1CE376FA000E1ACD /* MLCycleScrollView.swift in Sources */ = {isa = PBXBuildFile; fileRef = 6771455A1CE376FA000E1ACD /* MLCycleScrollView.swift */; };
		678763481D11046400C9DD65 /* NSAttributedStringExtension.swift in Sources */ = {isa = PBXBuildFile; fileRef = 6787632A1D11046400C9DD65 /* NSAttributedStringExtension.swift */; };
		678763491D11046400C9DD65 /* NSDateExtension.swift in Sources */ = {isa = PBXBuildFile; fileRef = 6787632B1D11046400C9DD65 /* NSDateExtension.swift */; };
		6787634A1D11046400C9DD65 /* NSFileManagerExtension.swift in Sources */ = {isa = PBXBuildFile; fileRef = 6787632C1D11046400C9DD65 /* NSFileManagerExtension.swift */; };
		6787634B1D11046400C9DD65 /* NSObjectExtension.swift in Sources */ = {isa = PBXBuildFile; fileRef = 6787632D1D11046400C9DD65 /* NSObjectExtension.swift */; };
		6787634C1D11046400C9DD65 /* NSUserDefaultsExtension.swift in Sources */ = {isa = PBXBuildFile; fileRef = 6787632E1D11046400C9DD65 /* NSUserDefaultsExtension.swift */; };
		6787634D1D11046400C9DD65 /* DateUtil.swift in Sources */ = {isa = PBXBuildFile; fileRef = 678763301D11046400C9DD65 /* DateUtil.swift */; };
		6787634E1D11046400C9DD65 /* GCDExtension.swift in Sources */ = {isa = PBXBuildFile; fileRef = 678763311D11046400C9DD65 /* GCDExtension.swift */; };
		6787634F1D11046400C9DD65 /* UIImageEffects.m in Sources */ = {isa = PBXBuildFile; fileRef = 678763331D11046400C9DD65 /* UIImageEffects.m */; };
		678763501D11046400C9DD65 /* CALayerExtension.swift in Sources */ = {isa = PBXBuildFile; fileRef = 678763351D11046400C9DD65 /* CALayerExtension.swift */; };
		678763511D11046400C9DD65 /* CGFloatExtension.swift in Sources */ = {isa = PBXBuildFile; fileRef = 678763361D11046400C9DD65 /* CGFloatExtension.swift */; };
		678763521D11046400C9DD65 /* CGRectExtensions.swift in Sources */ = {isa = PBXBuildFile; fileRef = 678763371D11046400C9DD65 /* CGRectExtensions.swift */; };
		678763531D11046400C9DD65 /* StringExtension.swift in Sources */ = {isa = PBXBuildFile; fileRef = 678763391D11046400C9DD65 /* StringExtension.swift */; };
		678763541D11046400C9DD65 /* UIBezierPathExtension.swift in Sources */ = {isa = PBXBuildFile; fileRef = 6787633B1D11046400C9DD65 /* UIBezierPathExtension.swift */; };
		678763551D11046400C9DD65 /* UIButtonExtension.swift in Sources */ = {isa = PBXBuildFile; fileRef = 6787633C1D11046400C9DD65 /* UIButtonExtension.swift */; };
		678763561D11046400C9DD65 /* UIColorExtension.swift in Sources */ = {isa = PBXBuildFile; fileRef = 6787633D1D11046400C9DD65 /* UIColorExtension.swift */; };
		678763571D11046400C9DD65 /* UIDeviceExtension.swift in Sources */ = {isa = PBXBuildFile; fileRef = 6787633E1D11046400C9DD65 /* UIDeviceExtension.swift */; };
		678763581D11046400C9DD65 /* UIFontExtension.swift in Sources */ = {isa = PBXBuildFile; fileRef = 6787633F1D11046400C9DD65 /* UIFontExtension.swift */; };
		678763591D11046400C9DD65 /* UIGestureRecognizerExection.swift in Sources */ = {isa = PBXBuildFile; fileRef = 678763401D11046400C9DD65 /* UIGestureRecognizerExection.swift */; };
		6787635A1D11046400C9DD65 /* UIImageExtension.swift in Sources */ = {isa = PBXBuildFile; fileRef = 678763411D11046400C9DD65 /* UIImageExtension.swift */; };
		6787635B1D11046400C9DD65 /* UINavigationBarExtension.swift in Sources */ = {isa = PBXBuildFile; fileRef = 678763421D11046400C9DD65 /* UINavigationBarExtension.swift */; };
		6787635C1D11046400C9DD65 /* UIScreenExtension.swift in Sources */ = {isa = PBXBuildFile; fileRef = 678763431D11046400C9DD65 /* UIScreenExtension.swift */; };
		6787635D1D11046400C9DD65 /* UIScrollViewExtension.swift in Sources */ = {isa = PBXBuildFile; fileRef = 678763441D11046400C9DD65 /* UIScrollViewExtension.swift */; };
		6787635E1D11046400C9DD65 /* UITableViewExtension.swift in Sources */ = {isa = PBXBuildFile; fileRef = 678763451D11046400C9DD65 /* UITableViewExtension.swift */; };
		6787635F1D11046400C9DD65 /* UITextFieldExtension.swift in Sources */ = {isa = PBXBuildFile; fileRef = 678763461D11046400C9DD65 /* UITextFieldExtension.swift */; };
		678763601D11046400C9DD65 /* UIViewExtension.swift in Sources */ = {isa = PBXBuildFile; fileRef = 678763471D11046400C9DD65 /* UIViewExtension.swift */; };
		6799D6AE1CEB564D00013A6A /* MLNetWork.swift in Sources */ = {isa = PBXBuildFile; fileRef = 6799D6AD1CEB564D00013A6A /* MLNetWork.swift */; };
		67C3B6B11CF1E4B200128356 /* MLGradientView.swift in Sources */ = {isa = PBXBuildFile; fileRef = 67C3B6B01CF1E4B200128356 /* MLGradientView.swift */; };
		67CDC8401CE369E6006BB24B /* AppDelegate.swift in Sources */ = {isa = PBXBuildFile; fileRef = 67CDC83F1CE369E6006BB24B /* AppDelegate.swift */; };
		67CDC8471CE369E6006BB24B /* Assets.xcassets in Resources */ = {isa = PBXBuildFile; fileRef = 67CDC8461CE369E6006BB24B /* Assets.xcassets */; };
		67CDC84A1CE369E6006BB24B /* LaunchScreen.storyboard in Resources */ = {isa = PBXBuildFile; fileRef = 67CDC8481CE369E6006BB24B /* LaunchScreen.storyboard */; };
		67D4EF601CE4B9FA00DF4E6C /* HomeViewController.swift in Sources */ = {isa = PBXBuildFile; fileRef = 67D4EF5F1CE4B9FA00DF4E6C /* HomeViewController.swift */; };
		67D4EF901CE4BFD900DF4E6C /* GlobalVariables.swift in Sources */ = {isa = PBXBuildFile; fileRef = 67D4EF8F1CE4BFD900DF4E6C /* GlobalVariables.swift */; };
		67E268131CFC6469000C0012 /* ParallaxHeaderView.swift in Sources */ = {isa = PBXBuildFile; fileRef = 67E268121CFC6469000C0012 /* ParallaxHeaderView.swift */; };
		67E268151CFC6BA5000C0012 /* Accelerate.framework in Frameworks */ = {isa = PBXBuildFile; fileRef = 67E268141CFC6BA5000C0012 /* Accelerate.framework */; };
		67F7A2011CF345A200F7F950 /* SideMenuViewController.swift in Sources */ = {isa = PBXBuildFile; fileRef = 67F7A2001CF345A200F7F950 /* SideMenuViewController.swift */; };
		7E116DCF1CFEB875002FCE70 /* SideMenuCell.swift in Sources */ = {isa = PBXBuildFile; fileRef = 7E116DCD1CFEB875002FCE70 /* SideMenuCell.swift */; };
		7E116DD01CFEB875002FCE70 /* SideMenuCell.xib in Resources */ = {isa = PBXBuildFile; fileRef = 7E116DCE1CFEB875002FCE70 /* SideMenuCell.xib */; };
		7E11EAA01CE99F4B00F41C3D /* MLBaseViewModel.swift in Sources */ = {isa = PBXBuildFile; fileRef = 7E11EA9F1CE99F4B00F41C3D /* MLBaseViewModel.swift */; };
		7E8BCBF51CEC581D005E5C12 /* HomeViewCell.swift in Sources */ = {isa = PBXBuildFile; fileRef = 7E8BCBF31CEC581D005E5C12 /* HomeViewCell.swift */; };
		7E9DDF4C1CEAF46900ACE1CD /* HomeViewModel.swift in Sources */ = {isa = PBXBuildFile; fileRef = 7E9DDF4B1CEAF46900ACE1CD /* HomeViewModel.swift */; };
		7E9DDF521CEB0B1000ACE1CD /* StoryModel.swift in Sources */ = {isa = PBXBuildFile; fileRef = 7E9DDF511CEB0B1000ACE1CD /* StoryModel.swift */; };
		7EB2B2611CFD3FB800A2DD1C /* DailyNetHelper.swift in Sources */ = {isa = PBXBuildFile; fileRef = 7EB2B2601CFD3FB800A2DD1C /* DailyNetHelper.swift */; };
		7EE600891CED62C3006AA928 /* MLCollectionViewCell.swift in Sources */ = {isa = PBXBuildFile; fileRef = 7EE600881CED62C3006AA928 /* MLCollectionViewCell.swift */; };
		7EE6008B1CED6D12006AA928 /* MLDotView.swift in Sources */ = {isa = PBXBuildFile; fileRef = 7EE6008A1CED6D12006AA928 /* MLDotView.swift */; };
		7EE6008D1CED9113006AA928 /* MLPageControl.swift in Sources */ = {isa = PBXBuildFile; fileRef = 7EE6008C1CED9113006AA928 /* MLPageControl.swift */; };
/* End PBXBuildFile section */

/* Begin PBXFileReference section */
		1F15A9EF4E9ED1E0DAA144DB /* Pods-zhiHuDailyWithSwift.debug.xcconfig */ = {isa = PBXFileReference; includeInIndex = 1; lastKnownFileType = text.xcconfig; name = "Pods-zhiHuDailyWithSwift.debug.xcconfig"; path = "Pods/Target Support Files/Pods-zhiHuDailyWithSwift/Pods-zhiHuDailyWithSwift.debug.xcconfig"; sourceTree = "<group>"; };
		2EAEEC2946AC356927CD2B65 /* Pods_zhiHuDailyWithSwift.framework */ = {isa = PBXFileReference; explicitFileType = wrapper.framework; includeInIndex = 0; path = Pods_zhiHuDailyWithSwift.framework; sourceTree = BUILT_PRODUCTS_DIR; };
		670AC52F1CFF1BF700B3A4F6 /* ThemeViewController.swift */ = {isa = PBXFileReference; fileEncoding = 4; lastKnownFileType = sourcecode.swift; path = ThemeViewController.swift; sourceTree = "<group>"; };
		67322B731CFF1CED00276F15 /* ThemeViewCell.swift */ = {isa = PBXFileReference; fileEncoding = 4; lastKnownFileType = sourcecode.swift; path = ThemeViewCell.swift; sourceTree = "<group>"; };
		67322B741CFF1CED00276F15 /* ThemeViewCell.xib */ = {isa = PBXFileReference; fileEncoding = 4; lastKnownFileType = file.xib; path = ThemeViewCell.xib; sourceTree = "<group>"; };
		6771455A1CE376FA000E1ACD /* MLCycleScrollView.swift */ = {isa = PBXFileReference; fileEncoding = 4; lastKnownFileType = sourcecode.swift; path = MLCycleScrollView.swift; sourceTree = "<group>"; };
		6787632A1D11046400C9DD65 /* NSAttributedStringExtension.swift */ = {isa = PBXFileReference; fileEncoding = 4; lastKnownFileType = sourcecode.swift; path = NSAttributedStringExtension.swift; sourceTree = "<group>"; };
		6787632B1D11046400C9DD65 /* NSDateExtension.swift */ = {isa = PBXFileReference; fileEncoding = 4; lastKnownFileType = sourcecode.swift; path = NSDateExtension.swift; sourceTree = "<group>"; };
		6787632C1D11046400C9DD65 /* NSFileManagerExtension.swift */ = {isa = PBXFileReference; fileEncoding = 4; lastKnownFileType = sourcecode.swift; path = NSFileManagerExtension.swift; sourceTree = "<group>"; };
		6787632D1D11046400C9DD65 /* NSObjectExtension.swift */ = {isa = PBXFileReference; fileEncoding = 4; lastKnownFileType = sourcecode.swift; path = NSObjectExtension.swift; sourceTree = "<group>"; };
		6787632E1D11046400C9DD65 /* NSUserDefaultsExtension.swift */ = {isa = PBXFileReference; fileEncoding = 4; lastKnownFileType = sourcecode.swift; path = NSUserDefaultsExtension.swift; sourceTree = "<group>"; };
		678763301D11046400C9DD65 /* DateUtil.swift */ = {isa = PBXFileReference; fileEncoding = 4; lastKnownFileType = sourcecode.swift; path = DateUtil.swift; sourceTree = "<group>"; };
		678763311D11046400C9DD65 /* GCDExtension.swift */ = {isa = PBXFileReference; fileEncoding = 4; lastKnownFileType = sourcecode.swift; path = GCDExtension.swift; sourceTree = "<group>"; };
		678763321D11046400C9DD65 /* UIImageEffects.h */ = {isa = PBXFileReference; fileEncoding = 4; lastKnownFileType = sourcecode.c.h; path = UIImageEffects.h; sourceTree = "<group>"; };
		678763331D11046400C9DD65 /* UIImageEffects.m */ = {isa = PBXFileReference; fileEncoding = 4; lastKnownFileType = sourcecode.c.objc; path = UIImageEffects.m; sourceTree = "<group>"; };
		678763351D11046400C9DD65 /* CALayerExtension.swift */ = {isa = PBXFileReference; fileEncoding = 4; lastKnownFileType = sourcecode.swift; path = CALayerExtension.swift; sourceTree = "<group>"; };
		678763361D11046400C9DD65 /* CGFloatExtension.swift */ = {isa = PBXFileReference; fileEncoding = 4; lastKnownFileType = sourcecode.swift; path = CGFloatExtension.swift; sourceTree = "<group>"; };
		678763371D11046400C9DD65 /* CGRectExtensions.swift */ = {isa = PBXFileReference; fileEncoding = 4; lastKnownFileType = sourcecode.swift; path = CGRectExtensions.swift; sourceTree = "<group>"; };
		678763391D11046400C9DD65 /* StringExtension.swift */ = {isa = PBXFileReference; fileEncoding = 4; lastKnownFileType = sourcecode.swift; path = StringExtension.swift; sourceTree = "<group>"; };
		6787633B1D11046400C9DD65 /* UIBezierPathExtension.swift */ = {isa = PBXFileReference; fileEncoding = 4; lastKnownFileType = sourcecode.swift; path = UIBezierPathExtension.swift; sourceTree = "<group>"; };
		6787633C1D11046400C9DD65 /* UIButtonExtension.swift */ = {isa = PBXFileReference; fileEncoding = 4; lastKnownFileType = sourcecode.swift; path = UIButtonExtension.swift; sourceTree = "<group>"; };
		6787633D1D11046400C9DD65 /* UIColorExtension.swift */ = {isa = PBXFileReference; fileEncoding = 4; lastKnownFileType = sourcecode.swift; path = UIColorExtension.swift; sourceTree = "<group>"; };
		6787633E1D11046400C9DD65 /* UIDeviceExtension.swift */ = {isa = PBXFileReference; fileEncoding = 4; lastKnownFileType = sourcecode.swift; path = UIDeviceExtension.swift; sourceTree = "<group>"; };
		6787633F1D11046400C9DD65 /* UIFontExtension.swift */ = {isa = PBXFileReference; fileEncoding = 4; lastKnownFileType = sourcecode.swift; path = UIFontExtension.swift; sourceTree = "<group>"; };
		678763401D11046400C9DD65 /* UIGestureRecognizerExection.swift */ = {isa = PBXFileReference; fileEncoding = 4; lastKnownFileType = sourcecode.swift; path = UIGestureRecognizerExection.swift; sourceTree = "<group>"; };
		678763411D11046400C9DD65 /* UIImageExtension.swift */ = {isa = PBXFileReference; fileEncoding = 4; lastKnownFileType = sourcecode.swift; path = UIImageExtension.swift; sourceTree = "<group>"; };
		678763421D11046400C9DD65 /* UINavigationBarExtension.swift */ = {isa = PBXFileReference; fileEncoding = 4; lastKnownFileType = sourcecode.swift; path = UINavigationBarExtension.swift; sourceTree = "<group>"; };
		678763431D11046400C9DD65 /* UIScreenExtension.swift */ = {isa = PBXFileReference; fileEncoding = 4; lastKnownFileType = sourcecode.swift; path = UIScreenExtension.swift; sourceTree = "<group>"; };
		678763441D11046400C9DD65 /* UIScrollViewExtension.swift */ = {isa = PBXFileReference; fileEncoding = 4; lastKnownFileType = sourcecode.swift; path = UIScrollViewExtension.swift; sourceTree = "<group>"; };
		678763451D11046400C9DD65 /* UITableViewExtension.swift */ = {isa = PBXFileReference; fileEncoding = 4; lastKnownFileType = sourcecode.swift; path = UITableViewExtension.swift; sourceTree = "<group>"; };
		678763461D11046400C9DD65 /* UITextFieldExtension.swift */ = {isa = PBXFileReference; fileEncoding = 4; lastKnownFileType = sourcecode.swift; path = UITextFieldExtension.swift; sourceTree = "<group>"; };
		678763471D11046400C9DD65 /* UIViewExtension.swift */ = {isa = PBXFileReference; fileEncoding = 4; lastKnownFileType = sourcecode.swift; path = UIViewExtension.swift; sourceTree = "<group>"; };
		6799D6AD1CEB564D00013A6A /* MLNetWork.swift */ = {isa = PBXFileReference; fileEncoding = 4; lastKnownFileType = sourcecode.swift; path = MLNetWork.swift; sourceTree = "<group>"; };
		67C3B6B01CF1E4B200128356 /* MLGradientView.swift */ = {isa = PBXFileReference; fileEncoding = 4; lastKnownFileType = sourcecode.swift; path = MLGradientView.swift; sourceTree = "<group>"; };
		67CDC83C1CE369E6006BB24B /* zhiHuDailyWithSwift.app */ = {isa = PBXFileReference; explicitFileType = wrapper.application; includeInIndex = 0; path = zhiHuDailyWithSwift.app; sourceTree = BUILT_PRODUCTS_DIR; };
		67CDC83F1CE369E6006BB24B /* AppDelegate.swift */ = {isa = PBXFileReference; lastKnownFileType = sourcecode.swift; path = AppDelegate.swift; sourceTree = "<group>"; };
		67CDC8461CE369E6006BB24B /* Assets.xcassets */ = {isa = PBXFileReference; lastKnownFileType = folder.assetcatalog; path = Assets.xcassets; sourceTree = "<group>"; };
		67CDC8491CE369E6006BB24B /* Base */ = {isa = PBXFileReference; lastKnownFileType = file.storyboard; name = Base; path = Base.lproj/LaunchScreen.storyboard; sourceTree = "<group>"; };
		67CDC84B1CE369E6006BB24B /* Info.plist */ = {isa = PBXFileReference; lastKnownFileType = text.plist.xml; path = Info.plist; sourceTree = "<group>"; };
		67D4EF5F1CE4B9FA00DF4E6C /* HomeViewController.swift */ = {isa = PBXFileReference; fileEncoding = 4; lastKnownFileType = sourcecode.swift; path = HomeViewController.swift; sourceTree = "<group>"; };
		67D4EF8F1CE4BFD900DF4E6C /* GlobalVariables.swift */ = {isa = PBXFileReference; fileEncoding = 4; lastKnownFileType = sourcecode.swift; path = GlobalVariables.swift; sourceTree = "<group>"; };
		67E268121CFC6469000C0012 /* ParallaxHeaderView.swift */ = {isa = PBXFileReference; fileEncoding = 4; lastKnownFileType = sourcecode.swift; path = ParallaxHeaderView.swift; sourceTree = "<group>"; };
		67E268141CFC6BA5000C0012 /* Accelerate.framework */ = {isa = PBXFileReference; lastKnownFileType = wrapper.framework; name = Accelerate.framework; path = System/Library/Frameworks/Accelerate.framework; sourceTree = SDKROOT; };
		67E2681A1CFC710B000C0012 /* zhiHuDailyWithSwift-Bridging-Header.h */ = {isa = PBXFileReference; lastKnownFileType = sourcecode.c.h; path = "zhiHuDailyWithSwift-Bridging-Header.h"; sourceTree = "<group>"; };
		67E268201CFC8290000C0012 /* SWRevealViewController.h */ = {isa = PBXFileReference; fileEncoding = 4; lastKnownFileType = sourcecode.c.h; path = SWRevealViewController.h; sourceTree = "<group>"; };
		67E268211CFC8290000C0012 /* SWRevealViewController.m */ = {isa = PBXFileReference; fileEncoding = 4; lastKnownFileType = sourcecode.c.objc; path = SWRevealViewController.m; sourceTree = "<group>"; };
		67F7A2001CF345A200F7F950 /* SideMenuViewController.swift */ = {isa = PBXFileReference; fileEncoding = 4; lastKnownFileType = sourcecode.swift; path = SideMenuViewController.swift; sourceTree = "<group>"; };
		7E116DCD1CFEB875002FCE70 /* SideMenuCell.swift */ = {isa = PBXFileReference; fileEncoding = 4; lastKnownFileType = sourcecode.swift; path = SideMenuCell.swift; sourceTree = "<group>"; };
		7E116DCE1CFEB875002FCE70 /* SideMenuCell.xib */ = {isa = PBXFileReference; fileEncoding = 4; lastKnownFileType = file.xib; path = SideMenuCell.xib; sourceTree = "<group>"; };
		7E11EA9F1CE99F4B00F41C3D /* MLBaseViewModel.swift */ = {isa = PBXFileReference; fileEncoding = 4; lastKnownFileType = sourcecode.swift; path = MLBaseViewModel.swift; sourceTree = "<group>"; };
		7E8BCBF31CEC581D005E5C12 /* HomeViewCell.swift */ = {isa = PBXFileReference; fileEncoding = 4; lastKnownFileType = sourcecode.swift; path = HomeViewCell.swift; sourceTree = "<group>"; };
		7E9DDF4B1CEAF46900ACE1CD /* HomeViewModel.swift */ = {isa = PBXFileReference; fileEncoding = 4; lastKnownFileType = sourcecode.swift; path = HomeViewModel.swift; sourceTree = "<group>"; };
		7E9DDF511CEB0B1000ACE1CD /* StoryModel.swift */ = {isa = PBXFileReference; fileEncoding = 4; lastKnownFileType = sourcecode.swift; path = StoryModel.swift; sourceTree = "<group>"; };
		7EB2B2601CFD3FB800A2DD1C /* DailyNetHelper.swift */ = {isa = PBXFileReference; fileEncoding = 4; lastKnownFileType = sourcecode.swift; path = DailyNetHelper.swift; sourceTree = "<group>"; };
		7EE600881CED62C3006AA928 /* MLCollectionViewCell.swift */ = {isa = PBXFileReference; fileEncoding = 4; lastKnownFileType = sourcecode.swift; path = MLCollectionViewCell.swift; sourceTree = "<group>"; };
		7EE6008A1CED6D12006AA928 /* MLDotView.swift */ = {isa = PBXFileReference; fileEncoding = 4; lastKnownFileType = sourcecode.swift; path = MLDotView.swift; sourceTree = "<group>"; };
		7EE6008C1CED9113006AA928 /* MLPageControl.swift */ = {isa = PBXFileReference; fileEncoding = 4; lastKnownFileType = sourcecode.swift; path = MLPageControl.swift; sourceTree = "<group>"; };
		BA40336C6420D3D61A97BC13 /* Pods-zhiHuDailyWithSwift.release.xcconfig */ = {isa = PBXFileReference; includeInIndex = 1; lastKnownFileType = text.xcconfig; name = "Pods-zhiHuDailyWithSwift.release.xcconfig"; path = "Pods/Target Support Files/Pods-zhiHuDailyWithSwift/Pods-zhiHuDailyWithSwift.release.xcconfig"; sourceTree = "<group>"; };
/* End PBXFileReference section */

/* Begin PBXFrameworksBuildPhase section */
		67CDC8391CE369E6006BB24B /* Frameworks */ = {
			isa = PBXFrameworksBuildPhase;
			buildActionMask = 2147483647;
			files = (
				67E268151CFC6BA5000C0012 /* Accelerate.framework in Frameworks */,
				206DFC1147A1ECA49D7351FD /* Pods_zhiHuDailyWithSwift.framework in Frameworks */,
			);
			runOnlyForDeploymentPostprocessing = 0;
		};
/* End PBXFrameworksBuildPhase section */

/* Begin PBXGroup section */
		2FF9E70F325B23E5FDC56F0A /* Frameworks */ = {
			isa = PBXGroup;
			children = (
				67E268141CFC6BA5000C0012 /* Accelerate.framework */,
				2EAEEC2946AC356927CD2B65 /* Pods_zhiHuDailyWithSwift.framework */,
			);
			name = Frameworks;
			sourceTree = "<group>";
		};
		677145561CE374DF000E1ACD /* Lib */ = {
			isa = PBXGroup;
			children = (
				678763281D11046400C9DD65 /* MLExtension */,
				7EB2B25F1CFD3FB800A2DD1C /* NetHelper */,
				67E2681F1CFC8290000C0012 /* SWRevealViewController */,
				67E268111CFC644A000C0012 /* ParallaxHeaderView */,
				67C3B6AF1CF1E48B00128356 /* MLGradientView */,
				6799D6AC1CEB563A00013A6A /* MLNetWork */,
				7E11EA9E1CE99F4B00F41C3D /* MLBaseViewModel */,
				677145591CE376E6000E1ACD /* CycleScrollView */,
			);
			path = Lib;
			sourceTree = "<group>";
		};
		677145591CE376E6000E1ACD /* CycleScrollView */ = {
			isa = PBXGroup;
			children = (
				6771455A1CE376FA000E1ACD /* MLCycleScrollView.swift */,
				7EE600881CED62C3006AA928 /* MLCollectionViewCell.swift */,
				7EE6008A1CED6D12006AA928 /* MLDotView.swift */,
				7EE6008C1CED9113006AA928 /* MLPageControl.swift */,
			);
			path = CycleScrollView;
			sourceTree = "<group>";
		};
		678763281D11046400C9DD65 /* MLExtension */ = {
			isa = PBXGroup;
			children = (
				678763291D11046400C9DD65 /* Foundation */,
				6787632F1D11046400C9DD65 /* Other */,
				678763341D11046400C9DD65 /* QuartzCore */,
				678763381D11046400C9DD65 /* Swift */,
				6787633A1D11046400C9DD65 /* UIKit */,
			);
			path = MLExtension;
			sourceTree = "<group>";
		};
		678763291D11046400C9DD65 /* Foundation */ = {
			isa = PBXGroup;
			children = (
				6787632A1D11046400C9DD65 /* NSAttributedStringExtension.swift */,
				6787632B1D11046400C9DD65 /* NSDateExtension.swift */,
				6787632C1D11046400C9DD65 /* NSFileManagerExtension.swift */,
				6787632D1D11046400C9DD65 /* NSObjectExtension.swift */,
				6787632E1D11046400C9DD65 /* NSUserDefaultsExtension.swift */,
			);
			path = Foundation;
			sourceTree = "<group>";
		};
		6787632F1D11046400C9DD65 /* Other */ = {
			isa = PBXGroup;
			children = (
				678763301D11046400C9DD65 /* DateUtil.swift */,
				678763311D11046400C9DD65 /* GCDExtension.swift */,
				678763321D11046400C9DD65 /* UIImageEffects.h */,
				678763331D11046400C9DD65 /* UIImageEffects.m */,
			);
			path = Other;
			sourceTree = "<group>";
		};
		678763341D11046400C9DD65 /* QuartzCore */ = {
			isa = PBXGroup;
			children = (
				678763351D11046400C9DD65 /* CALayerExtension.swift */,
				678763361D11046400C9DD65 /* CGFloatExtension.swift */,
				678763371D11046400C9DD65 /* CGRectExtensions.swift */,
			);
			path = QuartzCore;
			sourceTree = "<group>";
		};
		678763381D11046400C9DD65 /* Swift */ = {
			isa = PBXGroup;
			children = (
				678763391D11046400C9DD65 /* StringExtension.swift */,
			);
			path = Swift;
			sourceTree = "<group>";
		};
		6787633A1D11046400C9DD65 /* UIKit */ = {
			isa = PBXGroup;
			children = (
				6787633B1D11046400C9DD65 /* UIBezierPathExtension.swift */,
				6787633C1D11046400C9DD65 /* UIButtonExtension.swift */,
				6787633D1D11046400C9DD65 /* UIColorExtension.swift */,
				6787633E1D11046400C9DD65 /* UIDeviceExtension.swift */,
				6787633F1D11046400C9DD65 /* UIFontExtension.swift */,
				678763401D11046400C9DD65 /* UIGestureRecognizerExection.swift */,
				678763411D11046400C9DD65 /* UIImageExtension.swift */,
				678763421D11046400C9DD65 /* UINavigationBarExtension.swift */,
				678763431D11046400C9DD65 /* UIScreenExtension.swift */,
				678763441D11046400C9DD65 /* UIScrollViewExtension.swift */,
				678763451D11046400C9DD65 /* UITableViewExtension.swift */,
				678763461D11046400C9DD65 /* UITextFieldExtension.swift */,
				678763471D11046400C9DD65 /* UIViewExtension.swift */,
			);
			path = UIKit;
			sourceTree = "<group>";
		};
		6799D6AC1CEB563A00013A6A /* MLNetWork */ = {
			isa = PBXGroup;
			children = (
				6799D6AD1CEB564D00013A6A /* MLNetWork.swift */,
			);
			path = MLNetWork;
			sourceTree = "<group>";
		};
		67C3B6AF1CF1E48B00128356 /* MLGradientView */ = {
			isa = PBXGroup;
			children = (
				67C3B6B01CF1E4B200128356 /* MLGradientView.swift */,
			);
			path = MLGradientView;
			sourceTree = "<group>";
		};
		67CDC8331CE369E6006BB24B = {
			isa = PBXGroup;
			children = (
				67CDC83E1CE369E6006BB24B /* zhiHuDailyWithSwift */,
				67CDC83D1CE369E6006BB24B /* Products */,
				69CF7D342491099852D3D521 /* Pods */,
				2FF9E70F325B23E5FDC56F0A /* Frameworks */,
			);
			sourceTree = "<group>";
		};
		67CDC83D1CE369E6006BB24B /* Products */ = {
			isa = PBXGroup;
			children = (
				67CDC83C1CE369E6006BB24B /* zhiHuDailyWithSwift.app */,
			);
			name = Products;
			sourceTree = "<group>";
		};
		67CDC83E1CE369E6006BB24B /* zhiHuDailyWithSwift */ = {
			isa = PBXGroup;
			children = (
				677145561CE374DF000E1ACD /* Lib */,
				67D4EF5C1CE4B9AA00DF4E6C /* Home */,
				67F7A1FB1CF3452A00F7F950 /* SideView */,
				7EB2B2661CFD701200A2DD1C /* Theme */,
				67CDC83F1CE369E6006BB24B /* AppDelegate.swift */,
				67D4EF8F1CE4BFD900DF4E6C /* GlobalVariables.swift */,
				67CDC8461CE369E6006BB24B /* Assets.xcassets */,
				67CDC8481CE369E6006BB24B /* LaunchScreen.storyboard */,
				67CDC84B1CE369E6006BB24B /* Info.plist */,
				67E2681A1CFC710B000C0012 /* zhiHuDailyWithSwift-Bridging-Header.h */,
			);
			path = zhiHuDailyWithSwift;
			sourceTree = "<group>";
		};
		67D4EF5C1CE4B9AA00DF4E6C /* Home */ = {
			isa = PBXGroup;
			children = (
				7E9DDF501CEB0B1000ACE1CD /* Model */,
				7E11EA971CE9728400F41C3D /* ViewModel */,
				67D4EF5D1CE4B9AA00DF4E6C /* Controller */,
				67D4EF5E1CE4B9AA00DF4E6C /* View */,
			);
			path = Home;
			sourceTree = "<group>";
		};
		67D4EF5D1CE4B9AA00DF4E6C /* Controller */ = {
			isa = PBXGroup;
			children = (
				67D4EF5F1CE4B9FA00DF4E6C /* HomeViewController.swift */,
			);
			path = Controller;
			sourceTree = "<group>";
		};
		67D4EF5E1CE4B9AA00DF4E6C /* View */ = {
			isa = PBXGroup;
			children = (
				7E8BCBF31CEC581D005E5C12 /* HomeViewCell.swift */,
			);
			path = View;
			sourceTree = "<group>";
		};
		67E268111CFC644A000C0012 /* ParallaxHeaderView */ = {
			isa = PBXGroup;
			children = (
				67E268121CFC6469000C0012 /* ParallaxHeaderView.swift */,
			);
			path = ParallaxHeaderView;
			sourceTree = "<group>";
		};
		67E2681F1CFC8290000C0012 /* SWRevealViewController */ = {
			isa = PBXGroup;
			children = (
				67E268201CFC8290000C0012 /* SWRevealViewController.h */,
				67E268211CFC8290000C0012 /* SWRevealViewController.m */,
			);
			path = SWRevealViewController;
			sourceTree = "<group>";
		};
		67F7A1FB1CF3452A00F7F950 /* SideView */ = {
			isa = PBXGroup;
			children = (
				67F7A1FC1CF3457200F7F950 /* Controller */,
				67F7A1FD1CF3457200F7F950 /* Model */,
				67F7A1FE1CF3457200F7F950 /* View */,
				67F7A1FF1CF3457200F7F950 /* ViewMode */,
			);
			path = SideView;
			sourceTree = "<group>";
		};
		67F7A1FC1CF3457200F7F950 /* Controller */ = {
			isa = PBXGroup;
			children = (
				67F7A2001CF345A200F7F950 /* SideMenuViewController.swift */,
			);
			path = Controller;
			sourceTree = "<group>";
		};
		67F7A1FD1CF3457200F7F950 /* Model */ = {
			isa = PBXGroup;
			children = (
			);
			path = Model;
			sourceTree = "<group>";
		};
		67F7A1FE1CF3457200F7F950 /* View */ = {
			isa = PBXGroup;
			children = (
				7E116DCD1CFEB875002FCE70 /* SideMenuCell.swift */,
				7E116DCE1CFEB875002FCE70 /* SideMenuCell.xib */,
			);
			path = View;
			sourceTree = "<group>";
		};
		67F7A1FF1CF3457200F7F950 /* ViewMode */ = {
			isa = PBXGroup;
			children = (
			);
			path = ViewMode;
			sourceTree = "<group>";
		};
		69CF7D342491099852D3D521 /* Pods */ = {
			isa = PBXGroup;
			children = (
				1F15A9EF4E9ED1E0DAA144DB /* Pods-zhiHuDailyWithSwift.debug.xcconfig */,
				BA40336C6420D3D61A97BC13 /* Pods-zhiHuDailyWithSwift.release.xcconfig */,
			);
			name = Pods;
			sourceTree = "<group>";
		};
		7E11EA971CE9728400F41C3D /* ViewModel */ = {
			isa = PBXGroup;
			children = (
				7E9DDF4B1CEAF46900ACE1CD /* HomeViewModel.swift */,
			);
			name = ViewModel;
			path = zhiHuDailyWithSwift/Home/ViewModel;
			sourceTree = SOURCE_ROOT;
		};
		7E11EA9E1CE99F4B00F41C3D /* MLBaseViewModel */ = {
			isa = PBXGroup;
			children = (
				7E11EA9F1CE99F4B00F41C3D /* MLBaseViewModel.swift */,
			);
			path = MLBaseViewModel;
			sourceTree = "<group>";
		};
		7E9DDF501CEB0B1000ACE1CD /* Model */ = {
			isa = PBXGroup;
			children = (
				7E9DDF511CEB0B1000ACE1CD /* StoryModel.swift */,
			);
			path = Model;
			sourceTree = "<group>";
		};
		7EB2B25F1CFD3FB800A2DD1C /* NetHelper */ = {
			isa = PBXGroup;
			children = (
				7EB2B2601CFD3FB800A2DD1C /* DailyNetHelper.swift */,
			);
			path = NetHelper;
			sourceTree = "<group>";
		};
		7EB2B2661CFD701200A2DD1C /* Theme */ = {
			isa = PBXGroup;
			children = (
				7EB2B2671CFD704300A2DD1C /* Controller */,
				7EB2B2681CFD704300A2DD1C /* Model */,
				7EB2B2691CFD704300A2DD1C /* View */,
				7EB2B26A1CFD704300A2DD1C /* ViewModel */,
			);
			path = Theme;
			sourceTree = "<group>";
		};
		7EB2B2671CFD704300A2DD1C /* Controller */ = {
			isa = PBXGroup;
			children = (
				670AC52F1CFF1BF700B3A4F6 /* ThemeViewController.swift */,
			);
			path = Controller;
			sourceTree = "<group>";
		};
		7EB2B2681CFD704300A2DD1C /* Model */ = {
			isa = PBXGroup;
			children = (
			);
			path = Model;
			sourceTree = "<group>";
		};
		7EB2B2691CFD704300A2DD1C /* View */ = {
			isa = PBXGroup;
			children = (
				67322B731CFF1CED00276F15 /* ThemeViewCell.swift */,
				67322B741CFF1CED00276F15 /* ThemeViewCell.xib */,
			);
			path = View;
			sourceTree = "<group>";
		};
		7EB2B26A1CFD704300A2DD1C /* ViewModel */ = {
			isa = PBXGroup;
			children = (
			);
			path = ViewModel;
			sourceTree = "<group>";
		};
/* End PBXGroup section */

/* Begin PBXNativeTarget section */
		67CDC83B1CE369E6006BB24B /* zhiHuDailyWithSwift */ = {
			isa = PBXNativeTarget;
			buildConfigurationList = 67CDC84E1CE369E6006BB24B /* Build configuration list for PBXNativeTarget "zhiHuDailyWithSwift" */;
			buildPhases = (
				8B251AD1A56B16BA36DCF4B2 /* 📦 Check Pods Manifest.lock */,
				67CDC8381CE369E6006BB24B /* Sources */,
				67CDC8391CE369E6006BB24B /* Frameworks */,
				67CDC83A1CE369E6006BB24B /* Resources */,
				A6657BCC42A63573BD2F5FA6 /* 📦 Embed Pods Frameworks */,
				2E9CAA6506B88EBFDC73406C /* 📦 Copy Pods Resources */,
			);
			buildRules = (
			);
			dependencies = (
			);
			name = zhiHuDailyWithSwift;
			productName = zhiHuDailyWithSwift;
			productReference = 67CDC83C1CE369E6006BB24B /* zhiHuDailyWithSwift.app */;
			productType = "com.apple.product-type.application";
		};
/* End PBXNativeTarget section */

/* Begin PBXProject section */
		67CDC8341CE369E6006BB24B /* Project object */ = {
			isa = PBXProject;
			attributes = {
				LastSwiftUpdateCheck = 0730;
				LastUpgradeCheck = 0730;
				ORGANIZATIONNAME = moliang;
				TargetAttributes = {
					67CDC83B1CE369E6006BB24B = {
						CreatedOnToolsVersion = 7.3.1;
					};
				};
			};
			buildConfigurationList = 67CDC8371CE369E6006BB24B /* Build configuration list for PBXProject "zhiHuDailyWithSwift" */;
			compatibilityVersion = "Xcode 3.2";
			developmentRegion = English;
			hasScannedForEncodings = 0;
			knownRegions = (
				en,
				Base,
			);
			mainGroup = 67CDC8331CE369E6006BB24B;
			productRefGroup = 67CDC83D1CE369E6006BB24B /* Products */;
			projectDirPath = "";
			projectRoot = "";
			targets = (
				67CDC83B1CE369E6006BB24B /* zhiHuDailyWithSwift */,
			);
		};
/* End PBXProject section */

/* Begin PBXResourcesBuildPhase section */
		67CDC83A1CE369E6006BB24B /* Resources */ = {
			isa = PBXResourcesBuildPhase;
			buildActionMask = 2147483647;
			files = (
				67CDC84A1CE369E6006BB24B /* LaunchScreen.storyboard in Resources */,
				67322B761CFF1CED00276F15 /* ThemeViewCell.xib in Resources */,
				67CDC8471CE369E6006BB24B /* Assets.xcassets in Resources */,
				7E116DD01CFEB875002FCE70 /* SideMenuCell.xib in Resources */,
			);
			runOnlyForDeploymentPostprocessing = 0;
		};
/* End PBXResourcesBuildPhase section */

/* Begin PBXShellScriptBuildPhase section */
		2E9CAA6506B88EBFDC73406C /* 📦 Copy Pods Resources */ = {
			isa = PBXShellScriptBuildPhase;
			buildActionMask = 2147483647;
			files = (
			);
			inputPaths = (
			);
			name = "📦 Copy Pods Resources";
			outputPaths = (
			);
			runOnlyForDeploymentPostprocessing = 0;
			shellPath = /bin/sh;
			shellScript = "\"${SRCROOT}/Pods/Target Support Files/Pods-zhiHuDailyWithSwift/Pods-zhiHuDailyWithSwift-resources.sh\"\n";
			showEnvVarsInLog = 0;
		};
		8B251AD1A56B16BA36DCF4B2 /* 📦 Check Pods Manifest.lock */ = {
			isa = PBXShellScriptBuildPhase;
			buildActionMask = 2147483647;
			files = (
			);
			inputPaths = (
			);
			name = "📦 Check Pods Manifest.lock";
			outputPaths = (
			);
			runOnlyForDeploymentPostprocessing = 0;
			shellPath = /bin/sh;
			shellScript = "diff \"${PODS_ROOT}/../Podfile.lock\" \"${PODS_ROOT}/Manifest.lock\" > /dev/null\nif [[ $? != 0 ]] ; then\n    cat << EOM\nerror: The sandbox is not in sync with the Podfile.lock. Run 'pod install' or update your CocoaPods installation.\nEOM\n    exit 1\nfi\n";
			showEnvVarsInLog = 0;
		};
		A6657BCC42A63573BD2F5FA6 /* 📦 Embed Pods Frameworks */ = {
			isa = PBXShellScriptBuildPhase;
			buildActionMask = 2147483647;
			files = (
			);
			inputPaths = (
			);
			name = "📦 Embed Pods Frameworks";
			outputPaths = (
			);
			runOnlyForDeploymentPostprocessing = 0;
			shellPath = /bin/sh;
			shellScript = "\"${SRCROOT}/Pods/Target Support Files/Pods-zhiHuDailyWithSwift/Pods-zhiHuDailyWithSwift-frameworks.sh\"\n";
			showEnvVarsInLog = 0;
		};
/* End PBXShellScriptBuildPhase section */

/* Begin PBXSourcesBuildPhase section */
		67CDC8381CE369E6006BB24B /* Sources */ = {
			isa = PBXSourcesBuildPhase;
			buildActionMask = 2147483647;
			files = (
				7EE600891CED62C3006AA928 /* MLCollectionViewCell.swift in Sources */,
				67C3B6B11CF1E4B200128356 /* MLGradientView.swift in Sources */,
				678763481D11046400C9DD65 /* NSAttributedStringExtension.swift in Sources */,
				678763531D11046400C9DD65 /* StringExtension.swift in Sources */,
				6787635F1D11046400C9DD65 /* UITextFieldExtension.swift in Sources */,
				678763581D11046400C9DD65 /* UIFontExtension.swift in Sources */,
				678763501D11046400C9DD65 /* CALayerExtension.swift in Sources */,
				7EB2B2611CFD3FB800A2DD1C /* DailyNetHelper.swift in Sources */,
				678763551D11046400C9DD65 /* UIButtonExtension.swift in Sources */,
				6787635B1D11046400C9DD65 /* UINavigationBarExtension.swift in Sources */,
				7E9DDF4C1CEAF46900ACE1CD /* HomeViewModel.swift in Sources */,
				6771455B1CE376FA000E1ACD /* MLCycleScrollView.swift in Sources */,
				678763541D11046400C9DD65 /* UIBezierPathExtension.swift in Sources */,
				6787634B1D11046400C9DD65 /* NSObjectExtension.swift in Sources */,
				678763601D11046400C9DD65 /* UIViewExtension.swift in Sources */,
				67E268131CFC6469000C0012 /* ParallaxHeaderView.swift in Sources */,
				678763491D11046400C9DD65 /* NSDateExtension.swift in Sources */,
				7E9DDF521CEB0B1000ACE1CD /* StoryModel.swift in Sources */,
				7E11EAA01CE99F4B00F41C3D /* MLBaseViewModel.swift in Sources */,
				6787635C1D11046400C9DD65 /* UIScreenExtension.swift in Sources */,
				6799D6AE1CEB564D00013A6A /* MLNetWork.swift in Sources */,
				67D4EF901CE4BFD900DF4E6C /* GlobalVariables.swift in Sources */,
				67F7A2011CF345A200F7F950 /* SideMenuViewController.swift in Sources */,
				678763511D11046400C9DD65 /* CGFloatExtension.swift in Sources */,
				7E116DCF1CFEB875002FCE70 /* SideMenuCell.swift in Sources */,
				678763571D11046400C9DD65 /* UIDeviceExtension.swift in Sources */,
				670AC5301CFF1BF700B3A4F6 /* ThemeViewController.swift in Sources */,
				678763561D11046400C9DD65 /* UIColorExtension.swift in Sources */,
				7E8BCBF51CEC581D005E5C12 /* HomeViewCell.swift in Sources */,
				67CDC8401CE369E6006BB24B /* AppDelegate.swift in Sources */,
				6787634C1D11046400C9DD65 /* NSUserDefaultsExtension.swift in Sources */,
				67D4EF601CE4B9FA00DF4E6C /* HomeViewController.swift in Sources */,
				6787634E1D11046400C9DD65 /* GCDExtension.swift in Sources */,
				67322B751CFF1CED00276F15 /* ThemeViewCell.swift in Sources */,
				6787634A1D11046400C9DD65 /* NSFileManagerExtension.swift in Sources */,
				678763591D11046400C9DD65 /* UIGestureRecognizerExection.swift in Sources */,
				6787634F1D11046400C9DD65 /* UIImageEffects.m in Sources */,
				6787635E1D11046400C9DD65 /* UITableViewExtension.swift in Sources */,
				6787634D1D11046400C9DD65 /* DateUtil.swift in Sources */,
				6787635A1D11046400C9DD65 /* UIImageExtension.swift in Sources */,
				7EE6008B1CED6D12006AA928 /* MLDotView.swift in Sources */,
				7EE6008D1CED9113006AA928 /* MLPageControl.swift in Sources */,
				678763521D11046400C9DD65 /* CGRectExtensions.swift in Sources */,
				6787635D1D11046400C9DD65 /* UIScrollViewExtension.swift in Sources */,
			);
			runOnlyForDeploymentPostprocessing = 0;
		};
/* End PBXSourcesBuildPhase section */

/* Begin PBXVariantGroup section */
		67CDC8481CE369E6006BB24B /* LaunchScreen.storyboard */ = {
			isa = PBXVariantGroup;
			children = (
				67CDC8491CE369E6006BB24B /* Base */,
			);
			name = LaunchScreen.storyboard;
			sourceTree = "<group>";
		};
/* End PBXVariantGroup section */

/* Begin XCBuildConfiguration section */
		67CDC84C1CE369E6006BB24B /* Debug */ = {
			isa = XCBuildConfiguration;
			buildSettings = {
				ALWAYS_SEARCH_USER_PATHS = NO;
				CLANG_ANALYZER_NONNULL = YES;
				CLANG_CXX_LANGUAGE_STANDARD = "gnu++0x";
				CLANG_CXX_LIBRARY = "libc++";
				CLANG_ENABLE_MODULES = YES;
				CLANG_ENABLE_OBJC_ARC = YES;
				CLANG_WARN_BOOL_CONVERSION = YES;
				CLANG_WARN_CONSTANT_CONVERSION = YES;
				CLANG_WARN_DIRECT_OBJC_ISA_USAGE = YES_ERROR;
				CLANG_WARN_EMPTY_BODY = YES;
				CLANG_WARN_ENUM_CONVERSION = YES;
				CLANG_WARN_INT_CONVERSION = YES;
				CLANG_WARN_OBJC_ROOT_CLASS = YES_ERROR;
				CLANG_WARN_UNREACHABLE_CODE = YES;
				CLANG_WARN__DUPLICATE_METHOD_MATCH = YES;
				"CODE_SIGN_IDENTITY[sdk=iphoneos*]" = "iPhone Developer";
				COPY_PHASE_STRIP = NO;
				DEBUG_INFORMATION_FORMAT = dwarf;
				ENABLE_STRICT_OBJC_MSGSEND = YES;
				ENABLE_TESTABILITY = YES;
				GCC_C_LANGUAGE_STANDARD = gnu99;
				GCC_DYNAMIC_NO_PIC = NO;
				GCC_NO_COMMON_BLOCKS = YES;
				GCC_OPTIMIZATION_LEVEL = 0;
				GCC_PREPROCESSOR_DEFINITIONS = (
					"DEBUG=1",
					"$(inherited)",
				);
				GCC_WARN_64_TO_32_BIT_CONVERSION = YES;
				GCC_WARN_ABOUT_RETURN_TYPE = YES_ERROR;
				GCC_WARN_UNDECLARED_SELECTOR = YES;
				GCC_WARN_UNINITIALIZED_AUTOS = YES_AGGRESSIVE;
				GCC_WARN_UNUSED_FUNCTION = YES;
				GCC_WARN_UNUSED_VARIABLE = YES;
				IPHONEOS_DEPLOYMENT_TARGET = 9.3;
				MTL_ENABLE_DEBUG_INFO = YES;
				ONLY_ACTIVE_ARCH = YES;
				SDKROOT = iphoneos;
				SWIFT_OPTIMIZATION_LEVEL = "-Onone";
				TARGETED_DEVICE_FAMILY = "1,2";
			};
			name = Debug;
		};
		67CDC84D1CE369E6006BB24B /* Release */ = {
			isa = XCBuildConfiguration;
			buildSettings = {
				ALWAYS_SEARCH_USER_PATHS = NO;
				CLANG_ANALYZER_NONNULL = YES;
				CLANG_CXX_LANGUAGE_STANDARD = "gnu++0x";
				CLANG_CXX_LIBRARY = "libc++";
				CLANG_ENABLE_MODULES = YES;
				CLANG_ENABLE_OBJC_ARC = YES;
				CLANG_WARN_BOOL_CONVERSION = YES;
				CLANG_WARN_CONSTANT_CONVERSION = YES;
				CLANG_WARN_DIRECT_OBJC_ISA_USAGE = YES_ERROR;
				CLANG_WARN_EMPTY_BODY = YES;
				CLANG_WARN_ENUM_CONVERSION = YES;
				CLANG_WARN_INT_CONVERSION = YES;
				CLANG_WARN_OBJC_ROOT_CLASS = YES_ERROR;
				CLANG_WARN_UNREACHABLE_CODE = YES;
				CLANG_WARN__DUPLICATE_METHOD_MATCH = YES;
				"CODE_SIGN_IDENTITY[sdk=iphoneos*]" = "iPhone Developer";
				COPY_PHASE_STRIP = NO;
				DEBUG_INFORMATION_FORMAT = "dwarf-with-dsym";
				ENABLE_NS_ASSERTIONS = NO;
				ENABLE_STRICT_OBJC_MSGSEND = YES;
				GCC_C_LANGUAGE_STANDARD = gnu99;
				GCC_NO_COMMON_BLOCKS = YES;
				GCC_WARN_64_TO_32_BIT_CONVERSION = YES;
				GCC_WARN_ABOUT_RETURN_TYPE = YES_ERROR;
				GCC_WARN_UNDECLARED_SELECTOR = YES;
				GCC_WARN_UNINITIALIZED_AUTOS = YES_AGGRESSIVE;
				GCC_WARN_UNUSED_FUNCTION = YES;
				GCC_WARN_UNUSED_VARIABLE = YES;
				IPHONEOS_DEPLOYMENT_TARGET = 9.3;
				MTL_ENABLE_DEBUG_INFO = NO;
				SDKROOT = iphoneos;
				TARGETED_DEVICE_FAMILY = "1,2";
				VALIDATE_PRODUCT = YES;
			};
			name = Release;
		};
		67CDC84F1CE369E6006BB24B /* Debug */ = {
			isa = XCBuildConfiguration;
			baseConfigurationReference = 1F15A9EF4E9ED1E0DAA144DB /* Pods-zhiHuDailyWithSwift.debug.xcconfig */;
			buildSettings = {
				ASSETCATALOG_COMPILER_APPICON_NAME = AppIcon;
				CLANG_ENABLE_MODULES = YES;
				INFOPLIST_FILE = zhiHuDailyWithSwift/Info.plist;
				IPHONEOS_DEPLOYMENT_TARGET = 8.0;
				LD_RUNPATH_SEARCH_PATHS = "$(inherited) @executable_path/Frameworks";
				PRODUCT_BUNDLE_IDENTIFIER = com.lcl.zhiHuDailyWithSwift;
				PRODUCT_NAME = "$(TARGET_NAME)";
				SWIFT_OBJC_BRIDGING_HEADER = "zhiHuDailyWithSwift/zhiHuDailyWithSwift-Bridging-Header.h";
				SWIFT_OPTIMIZATION_LEVEL = "-Onone";
			};
			name = Debug;
		};
		67CDC8501CE369E6006BB24B /* Release */ = {
			isa = XCBuildConfiguration;
			baseConfigurationReference = BA40336C6420D3D61A97BC13 /* Pods-zhiHuDailyWithSwift.release.xcconfig */;
			buildSettings = {
				ASSETCATALOG_COMPILER_APPICON_NAME = AppIcon;
				CLANG_ENABLE_MODULES = YES;
				INFOPLIST_FILE = zhiHuDailyWithSwift/Info.plist;
				IPHONEOS_DEPLOYMENT_TARGET = 8.0;
				LD_RUNPATH_SEARCH_PATHS = "$(inherited) @executable_path/Frameworks";
				PRODUCT_BUNDLE_IDENTIFIER = com.lcl.zhiHuDailyWithSwift;
				PRODUCT_NAME = "$(TARGET_NAME)";
				SWIFT_OBJC_BRIDGING_HEADER = "zhiHuDailyWithSwift/zhiHuDailyWithSwift-Bridging-Header.h";
			};
			name = Release;
		};
/* End XCBuildConfiguration section */

/* Begin XCConfigurationList section */
		67CDC8371CE369E6006BB24B /* Build configuration list for PBXProject "zhiHuDailyWithSwift" */ = {
			isa = XCConfigurationList;
			buildConfigurations = (
				67CDC84C1CE369E6006BB24B /* Debug */,
				67CDC84D1CE369E6006BB24B /* Release */,
			);
			defaultConfigurationIsVisible = 0;
			defaultConfigurationName = Release;
		};
		67CDC84E1CE369E6006BB24B /* Build configuration list for PBXNativeTarget "zhiHuDailyWithSwift" */ = {
			isa = XCConfigurationList;
			buildConfigurations = (
				67CDC84F1CE369E6006BB24B /* Debug */,
				67CDC8501CE369E6006BB24B /* Release */,
			);
			defaultConfigurationIsVisible = 0;
			defaultConfigurationName = Release;
		};
/* End XCConfigurationList section */
	};
	rootObject = 67CDC8341CE369E6006BB24B /* Project object */;
}
