// !$*UTF8*$!
{
	archiveVersion = 1;
	classes = {
	};
	objectVersion = 46;
	objects = {

/* Begin PBXBuildFile section */
		206DFC1147A1ECA49D7351FD /* Pods_zhiHuDailyWithSwift.framework in Frameworks */ = {isa = PBXBuildFile; fileRef = 2EAEEC2946AC356927CD2B65 /* Pods_zhiHuDailyWithSwift.framework */; };
		677145581CE37524000E1ACD /* UIViewExtension.swift in Sources */ = {isa = PBXBuildFile; fileRef = 677145571CE37524000E1ACD /* UIViewExtension.swift */; };
		6771455B1CE376FA000E1ACD /* MLCycleScrollView.swift in Sources */ = {isa = PBXBuildFile; fileRef = 6771455A1CE376FA000E1ACD /* MLCycleScrollView.swift */; };
		67CDC8401CE369E6006BB24B /* AppDelegate.swift in Sources */ = {isa = PBXBuildFile; fileRef = 67CDC83F1CE369E6006BB24B /* AppDelegate.swift */; };
		67CDC8421CE369E6006BB24B /* ViewController.swift in Sources */ = {isa = PBXBuildFile; fileRef = 67CDC8411CE369E6006BB24B /* ViewController.swift */; };
		67CDC8451CE369E6006BB24B /* Main.storyboard in Resources */ = {isa = PBXBuildFile; fileRef = 67CDC8431CE369E6006BB24B /* Main.storyboard */; };
		67CDC8471CE369E6006BB24B /* Assets.xcassets in Resources */ = {isa = PBXBuildFile; fileRef = 67CDC8461CE369E6006BB24B /* Assets.xcassets */; };
		67CDC84A1CE369E6006BB24B /* LaunchScreen.storyboard in Resources */ = {isa = PBXBuildFile; fileRef = 67CDC8481CE369E6006BB24B /* LaunchScreen.storyboard */; };
/* End PBXBuildFile section */

/* Begin PBXFileReference section */
		1F15A9EF4E9ED1E0DAA144DB /* Pods-zhiHuDailyWithSwift.debug.xcconfig */ = {isa = PBXFileReference; includeInIndex = 1; lastKnownFileType = text.xcconfig; name = "Pods-zhiHuDailyWithSwift.debug.xcconfig"; path = "Pods/Target Support Files/Pods-zhiHuDailyWithSwift/Pods-zhiHuDailyWithSwift.debug.xcconfig"; sourceTree = "<group>"; };
		2EAEEC2946AC356927CD2B65 /* Pods_zhiHuDailyWithSwift.framework */ = {isa = PBXFileReference; explicitFileType = wrapper.framework; includeInIndex = 0; path = Pods_zhiHuDailyWithSwift.framework; sourceTree = BUILT_PRODUCTS_DIR; };
		677145571CE37524000E1ACD /* UIViewExtension.swift */ = {isa = PBXFileReference; fileEncoding = 4; lastKnownFileType = sourcecode.swift; path = UIViewExtension.swift; sourceTree = "<group>"; };
		6771455A1CE376FA000E1ACD /* MLCycleScrollView.swift */ = {isa = PBXFileReference; fileEncoding = 4; lastKnownFileType = sourcecode.swift; path = MLCycleScrollView.swift; sourceTree = "<group>"; };
		67CDC83C1CE369E6006BB24B /* zhiHuDailyWithSwift.app */ = {isa = PBXFileReference; explicitFileType = wrapper.application; includeInIndex = 0; path = zhiHuDailyWithSwift.app; sourceTree = BUILT_PRODUCTS_DIR; };
		67CDC83F1CE369E6006BB24B /* AppDelegate.swift */ = {isa = PBXFileReference; lastKnownFileType = sourcecode.swift; path = AppDelegate.swift; sourceTree = "<group>"; };
		67CDC8411CE369E6006BB24B /* ViewController.swift */ = {isa = PBXFileReference; lastKnownFileType = sourcecode.swift; path = ViewController.swift; sourceTree = "<group>"; };
		67CDC8441CE369E6006BB24B /* Base */ = {isa = PBXFileReference; lastKnownFileType = file.storyboard; name = Base; path = Base.lproj/Main.storyboard; sourceTree = "<group>"; };
		67CDC8461CE369E6006BB24B /* Assets.xcassets */ = {isa = PBXFileReference; lastKnownFileType = folder.assetcatalog; path = Assets.xcassets; sourceTree = "<group>"; };
		67CDC8491CE369E6006BB24B /* Base */ = {isa = PBXFileReference; lastKnownFileType = file.storyboard; name = Base; path = Base.lproj/LaunchScreen.storyboard; sourceTree = "<group>"; };
		67CDC84B1CE369E6006BB24B /* Info.plist */ = {isa = PBXFileReference; lastKnownFileType = text.plist.xml; path = Info.plist; sourceTree = "<group>"; };
		BA40336C6420D3D61A97BC13 /* Pods-zhiHuDailyWithSwift.release.xcconfig */ = {isa = PBXFileReference; includeInIndex = 1; lastKnownFileType = text.xcconfig; name = "Pods-zhiHuDailyWithSwift.release.xcconfig"; path = "Pods/Target Support Files/Pods-zhiHuDailyWithSwift/Pods-zhiHuDailyWithSwift.release.xcconfig"; sourceTree = "<group>"; };
/* End PBXFileReference section */

/* Begin PBXFrameworksBuildPhase section */
		67CDC8391CE369E6006BB24B /* Frameworks */ = {
			isa = PBXFrameworksBuildPhase;
			buildActionMask = 2147483647;
			files = (
				206DFC1147A1ECA49D7351FD /* Pods_zhiHuDailyWithSwift.framework in Frameworks */,
			);
			runOnlyForDeploymentPostprocessing = 0;
		};
/* End PBXFrameworksBuildPhase section */

/* Begin PBXGroup section */
		2FF9E70F325B23E5FDC56F0A /* Frameworks */ = {
			isa = PBXGroup;
			children = (
				2EAEEC2946AC356927CD2B65 /* Pods_zhiHuDailyWithSwift.framework */,
			);
			name = Frameworks;
			sourceTree = "<group>";
		};
		677145561CE374DF000E1ACD /* Lib */ = {
			isa = PBXGroup;
			children = (
				677145591CE376E6000E1ACD /* CycleScrollView */,
				677145571CE37524000E1ACD /* UIViewExtension.swift */,
			);
			path = Lib;
			sourceTree = "<group>";
		};
		677145591CE376E6000E1ACD /* CycleScrollView */ = {
			isa = PBXGroup;
			children = (
				6771455A1CE376FA000E1ACD /* MLCycleScrollView.swift */,
			);
			path = CycleScrollView;
			sourceTree = "<group>";
		};
		67CDC8331CE369E6006BB24B = {
			isa = PBXGroup;
			children = (
				67CDC83E1CE369E6006BB24B /* zhiHuDailyWithSwift */,
				67CDC83D1CE369E6006BB24B /* Products */,
				69CF7D342491099852D3D521 /* Pods */,
				2FF9E70F325B23E5FDC56F0A /* Frameworks */,
			);
			sourceTree = "<group>";
		};
		67CDC83D1CE369E6006BB24B /* Products */ = {
			isa = PBXGroup;
			children = (
				67CDC83C1CE369E6006BB24B /* zhiHuDailyWithSwift.app */,
			);
			name = Products;
			sourceTree = "<group>";
		};
		67CDC83E1CE369E6006BB24B /* zhiHuDailyWithSwift */ = {
			isa = PBXGroup;
			children = (
				677145561CE374DF000E1ACD /* Lib */,
				67CDC83F1CE369E6006BB24B /* AppDelegate.swift */,
				67CDC8411CE369E6006BB24B /* ViewController.swift */,
				67CDC8431CE369E6006BB24B /* Main.storyboard */,
				67CDC8461CE369E6006BB24B /* Assets.xcassets */,
				67CDC8481CE369E6006BB24B /* LaunchScreen.storyboard */,
				67CDC84B1CE369E6006BB24B /* Info.plist */,
			);
			path = zhiHuDailyWithSwift;
			sourceTree = "<group>";
		};
		69CF7D342491099852D3D521 /* Pods */ = {
			isa = PBXGroup;
			children = (
				1F15A9EF4E9ED1E0DAA144DB /* Pods-zhiHuDailyWithSwift.debug.xcconfig */,
				BA40336C6420D3D61A97BC13 /* Pods-zhiHuDailyWithSwift.release.xcconfig */,
			);
			name = Pods;
			sourceTree = "<group>";
		};
/* End PBXGroup section */

/* Begin PBXNativeTarget section */
		67CDC83B1CE369E6006BB24B /* zhiHuDailyWithSwift */ = {
			isa = PBXNativeTarget;
			buildConfigurationList = 67CDC84E1CE369E6006BB24B /* Build configuration list for PBXNativeTarget "zhiHuDailyWithSwift" */;
			buildPhases = (
				8B251AD1A56B16BA36DCF4B2 /* 📦 Check Pods Manifest.lock */,
				67CDC8381CE369E6006BB24B /* Sources */,
				67CDC8391CE369E6006BB24B /* Frameworks */,
				67CDC83A1CE369E6006BB24B /* Resources */,
				A6657BCC42A63573BD2F5FA6 /* 📦 Embed Pods Frameworks */,
				2E9CAA6506B88EBFDC73406C /* 📦 Copy Pods Resources */,
			);
			buildRules = (
			);
			dependencies = (
			);
			name = zhiHuDailyWithSwift;
			productName = zhiHuDailyWithSwift;
			productReference = 67CDC83C1CE369E6006BB24B /* zhiHuDailyWithSwift.app */;
			productType = "com.apple.product-type.application";
		};
/* End PBXNativeTarget section */

/* Begin PBXProject section */
		67CDC8341CE369E6006BB24B /* Project object */ = {
			isa = PBXProject;
			attributes = {
				LastSwiftUpdateCheck = 0730;
				LastUpgradeCheck = 0730;
				ORGANIZATIONNAME = moliang;
				TargetAttributes = {
					67CDC83B1CE369E6006BB24B = {
						CreatedOnToolsVersion = 7.3.1;
					};
				};
			};
			buildConfigurationList = 67CDC8371CE369E6006BB24B /* Build configuration list for PBXProject "zhiHuDailyWithSwift" */;
			compatibilityVersion = "Xcode 3.2";
			developmentRegion = English;
			hasScannedForEncodings = 0;
			knownRegions = (
				en,
				Base,
			);
			mainGroup = 67CDC8331CE369E6006BB24B;
			productRefGroup = 67CDC83D1CE369E6006BB24B /* Products */;
			projectDirPath = "";
			projectRoot = "";
			targets = (
				67CDC83B1CE369E6006BB24B /* zhiHuDailyWithSwift */,
			);
		};
/* End PBXProject section */

/* Begin PBXResourcesBuildPhase section */
		67CDC83A1CE369E6006BB24B /* Resources */ = {
			isa = PBXResourcesBuildPhase;
			buildActionMask = 2147483647;
			files = (
				67CDC84A1CE369E6006BB24B /* LaunchScreen.storyboard in Resources */,
				67CDC8471CE369E6006BB24B /* Assets.xcassets in Resources */,
				67CDC8451CE369E6006BB24B /* Main.storyboard in Resources */,
			);
			runOnlyForDeploymentPostprocessing = 0;
		};
/* End PBXResourcesBuildPhase section */

/* Begin PBXShellScriptBuildPhase section */
		2E9CAA6506B88EBFDC73406C /* 📦 Copy Pods Resources */ = {
			isa = PBXShellScriptBuildPhase;
			buildActionMask = 2147483647;
			files = (
			);
			inputPaths = (
			);
			name = "📦 Copy Pods Resources";
			outputPaths = (
			);
			runOnlyForDeploymentPostprocessing = 0;
			shellPath = /bin/sh;
			shellScript = "\"${SRCROOT}/Pods/Target Support Files/Pods-zhiHuDailyWithSwift/Pods-zhiHuDailyWithSwift-resources.sh\"\n";
			showEnvVarsInLog = 0;
		};
		8B251AD1A56B16BA36DCF4B2 /* 📦 Check Pods Manifest.lock */ = {
			isa = PBXShellScriptBuildPhase;
			buildActionMask = 2147483647;
			files = (
			);
			inputPaths = (
			);
			name = "📦 Check Pods Manifest.lock";
			outputPaths = (
			);
			runOnlyForDeploymentPostprocessing = 0;
			shellPath = /bin/sh;
			shellScript = "diff \"${PODS_ROOT}/../Podfile.lock\" \"${PODS_ROOT}/Manifest.lock\" > /dev/null\nif [[ $? != 0 ]] ; then\n    cat << EOM\nerror: The sandbox is not in sync with the Podfile.lock. Run 'pod install' or update your CocoaPods installation.\nEOM\n    exit 1\nfi\n";
			showEnvVarsInLog = 0;
		};
		A6657BCC42A63573BD2F5FA6 /* 📦 Embed Pods Frameworks */ = {
			isa = PBXShellScriptBuildPhase;
			buildActionMask = 2147483647;
			files = (
			);
			inputPaths = (
			);
			name = "📦 Embed Pods Frameworks";
			outputPaths = (
			);
			runOnlyForDeploymentPostprocessing = 0;
			shellPath = /bin/sh;
			shellScript = "\"${SRCROOT}/Pods/Target Support Files/Pods-zhiHuDailyWithSwift/Pods-zhiHuDailyWithSwift-frameworks.sh\"\n";
			showEnvVarsInLog = 0;
		};
/* End PBXShellScriptBuildPhase section */

/* Begin PBXSourcesBuildPhase section */
		67CDC8381CE369E6006BB24B /* Sources */ = {
			isa = PBXSourcesBuildPhase;
			buildActionMask = 2147483647;
			files = (
				67CDC8421CE369E6006BB24B /* ViewController.swift in Sources */,
				6771455B1CE376FA000E1ACD /* MLCycleScrollView.swift in Sources */,
				677145581CE37524000E1ACD /* UIViewExtension.swift in Sources */,
				67CDC8401CE369E6006BB24B /* AppDelegate.swift in Sources */,
			);
			runOnlyForDeploymentPostprocessing = 0;
		};
/* End PBXSourcesBuildPhase section */

/* Begin PBXVariantGroup section */
		67CDC8431CE369E6006BB24B /* Main.storyboard */ = {
			isa = PBXVariantGroup;
			children = (
				67CDC8441CE369E6006BB24B /* Base */,
			);
			name = Main.storyboard;
			sourceTree = "<group>";
		};
		67CDC8481CE369E6006BB24B /* LaunchScreen.storyboard */ = {
			isa = PBXVariantGroup;
			children = (
				67CDC8491CE369E6006BB24B /* Base */,
			);
			name = LaunchScreen.storyboard;
			sourceTree = "<group>";
		};
/* End PBXVariantGroup section */

/* Begin XCBuildConfiguration section */
		67CDC84C1CE369E6006BB24B /* Debug */ = {
			isa = XCBuildConfiguration;
			buildSettings = {
				ALWAYS_SEARCH_USER_PATHS = NO;
				CLANG_ANALYZER_NONNULL = YES;
				CLANG_CXX_LANGUAGE_STANDARD = "gnu++0x";
				CLANG_CXX_LIBRARY = "libc++";
				CLANG_ENABLE_MODULES = YES;
				CLANG_ENABLE_OBJC_ARC = YES;
				CLANG_WARN_BOOL_CONVERSION = YES;
				CLANG_WARN_CONSTANT_CONVERSION = YES;
				CLANG_WARN_DIRECT_OBJC_ISA_USAGE = YES_ERROR;
				CLANG_WARN_EMPTY_BODY = YES;
				CLANG_WARN_ENUM_CONVERSION = YES;
				CLANG_WARN_INT_CONVERSION = YES;
				CLANG_WARN_OBJC_ROOT_CLASS = YES_ERROR;
				CLANG_WARN_UNREACHABLE_CODE = YES;
				CLANG_WARN__DUPLICATE_METHOD_MATCH = YES;
				"CODE_SIGN_IDENTITY[sdk=iphoneos*]" = "iPhone Developer";
				COPY_PHASE_STRIP = NO;
				DEBUG_INFORMATION_FORMAT = dwarf;
				ENABLE_STRICT_OBJC_MSGSEND = YES;
				ENABLE_TESTABILITY = YES;
				GCC_C_LANGUAGE_STANDARD = gnu99;
				GCC_DYNAMIC_NO_PIC = NO;
				GCC_NO_COMMON_BLOCKS = YES;
				GCC_OPTIMIZATION_LEVEL = 0;
				GCC_PREPROCESSOR_DEFINITIONS = (
					"DEBUG=1",
					"$(inherited)",
				);
				GCC_WARN_64_TO_32_BIT_CONVERSION = YES;
				GCC_WARN_ABOUT_RETURN_TYPE = YES_ERROR;
				GCC_WARN_UNDECLARED_SELECTOR = YES;
				GCC_WARN_UNINITIALIZED_AUTOS = YES_AGGRESSIVE;
				GCC_WARN_UNUSED_FUNCTION = YES;
				GCC_WARN_UNUSED_VARIABLE = YES;
				IPHONEOS_DEPLOYMENT_TARGET = 9.3;
				MTL_ENABLE_DEBUG_INFO = YES;
				ONLY_ACTIVE_ARCH = YES;
				SDKROOT = iphoneos;
				SWIFT_OPTIMIZATION_LEVEL = "-Onone";
				TARGETED_DEVICE_FAMILY = "1,2";
			};
			name = Debug;
		};
		67CDC84D1CE369E6006BB24B /* Release */ = {
			isa = XCBuildConfiguration;
			buildSettings = {
				ALWAYS_SEARCH_USER_PATHS = NO;
				CLANG_ANALYZER_NONNULL = YES;
				CLANG_CXX_LANGUAGE_STANDARD = "gnu++0x";
				CLANG_CXX_LIBRARY = "libc++";
				CLANG_ENABLE_MODULES = YES;
				CLANG_ENABLE_OBJC_ARC = YES;
				CLANG_WARN_BOOL_CONVERSION = YES;
				CLANG_WARN_CONSTANT_CONVERSION = YES;
				CLANG_WARN_DIRECT_OBJC_ISA_USAGE = YES_ERROR;
				CLANG_WARN_EMPTY_BODY = YES;
				CLANG_WARN_ENUM_CONVERSION = YES;
				CLANG_WARN_INT_CONVERSION = YES;
				CLANG_WARN_OBJC_ROOT_CLASS = YES_ERROR;
				CLANG_WARN_UNREACHABLE_CODE = YES;
				CLANG_WARN__DUPLICATE_METHOD_MATCH = YES;
				"CODE_SIGN_IDENTITY[sdk=iphoneos*]" = "iPhone Developer";
				COPY_PHASE_STRIP = NO;
				DEBUG_INFORMATION_FORMAT = "dwarf-with-dsym";
				ENABLE_NS_ASSERTIONS = NO;
				ENABLE_STRICT_OBJC_MSGSEND = YES;
				GCC_C_LANGUAGE_STANDARD = gnu99;
				GCC_NO_COMMON_BLOCKS = YES;
				GCC_WARN_64_TO_32_BIT_CONVERSION = YES;
				GCC_WARN_ABOUT_RETURN_TYPE = YES_ERROR;
				GCC_WARN_UNDECLARED_SELECTOR = YES;
				GCC_WARN_UNINITIALIZED_AUTOS = YES_AGGRESSIVE;
				GCC_WARN_UNUSED_FUNCTION = YES;
				GCC_WARN_UNUSED_VARIABLE = YES;
				IPHONEOS_DEPLOYMENT_TARGET = 9.3;
				MTL_ENABLE_DEBUG_INFO = NO;
				SDKROOT = iphoneos;
				TARGETED_DEVICE_FAMILY = "1,2";
				VALIDATE_PRODUCT = YES;
			};
			name = Release;
		};
		67CDC84F1CE369E6006BB24B /* Debug */ = {
			isa = XCBuildConfiguration;
			baseConfigurationReference = 1F15A9EF4E9ED1E0DAA144DB /* Pods-zhiHuDailyWithSwift.debug.xcconfig */;
			buildSettings = {
				ASSETCATALOG_COMPILER_APPICON_NAME = AppIcon;
				INFOPLIST_FILE = zhiHuDailyWithSwift/Info.plist;
				LD_RUNPATH_SEARCH_PATHS = "$(inherited) @executable_path/Frameworks";
				PRODUCT_BUNDLE_IDENTIFIER = com.lcl.zhiHuDailyWithSwift;
				PRODUCT_NAME = "$(TARGET_NAME)";
			};
			name = Debug;
		};
		67CDC8501CE369E6006BB24B /* Release */ = {
			isa = XCBuildConfiguration;
			baseConfigurationReference = BA40336C6420D3D61A97BC13 /* Pods-zhiHuDailyWithSwift.release.xcconfig */;
			buildSettings = {
				ASSETCATALOG_COMPILER_APPICON_NAME = AppIcon;
				INFOPLIST_FILE = zhiHuDailyWithSwift/Info.plist;
				LD_RUNPATH_SEARCH_PATHS = "$(inherited) @executable_path/Frameworks";
				PRODUCT_BUNDLE_IDENTIFIER = com.lcl.zhiHuDailyWithSwift;
				PRODUCT_NAME = "$(TARGET_NAME)";
			};
			name = Release;
		};
/* End XCBuildConfiguration section */

/* Begin XCConfigurationList section */
		67CDC8371CE369E6006BB24B /* Build configuration list for PBXProject "zhiHuDailyWithSwift" */ = {
			isa = XCConfigurationList;
			buildConfigurations = (
				67CDC84C1CE369E6006BB24B /* Debug */,
				67CDC84D1CE369E6006BB24B /* Release */,
			);
			defaultConfigurationIsVisible = 0;
			defaultConfigurationName = Release;
		};
		67CDC84E1CE369E6006BB24B /* Build configuration list for PBXNativeTarget "zhiHuDailyWithSwift" */ = {
			isa = XCConfigurationList;
			buildConfigurations = (
				67CDC84F1CE369E6006BB24B /* Debug */,
				67CDC8501CE369E6006BB24B /* Release */,
			);
			defaultConfigurationIsVisible = 0;
			defaultConfigurationName = Release;
		};
/* End XCConfigurationList section */
	};
	rootObject = 67CDC8341CE369E6006BB24B /* Project object */;
}
